// !$*UTF8*$!
{
	archiveVersion = 1;
	classes = {
	};
	objectVersion = 56;
	objects = {

/* Begin PBXBuildFile section */
		5201FD362C1470BA00E32902 /* CombineExt in Frameworks */ = {isa = PBXBuildFile; productRef = 5201FD352C1470BA00E32902 /* CombineExt */; };
		5201FD382C16682F00E32902 /* TodosAPI+Async.swift in Sources */ = {isa = PBXBuildFile; fileRef = 5201FD372C16682F00E32902 /* TodosAPI+Async.swift */; };
		5201FD3A2C166A1A00E32902 /* TodosVM_Async.swift in Sources */ = {isa = PBXBuildFile; fileRef = 5201FD392C166A1A00E32902 /* TodosVM_Async.swift */; };
		5233B5B52C22C2C000D5B42F /* RxMainVC.storyboard in Resources */ = {isa = PBXBuildFile; fileRef = 5233B5B42C22C2C000D5B42F /* RxMainVC.storyboard */; };
		5233B5B72C22C2D100D5B42F /* RxTodoCell.xib in Resources */ = {isa = PBXBuildFile; fileRef = 5233B5B62C22C2D100D5B42F /* RxTodoCell.xib */; };
		5233B5B92C22C2DA00D5B42F /* RxMainVC.swift in Sources */ = {isa = PBXBuildFile; fileRef = 5233B5B82C22C2DA00D5B42F /* RxMainVC.swift */; };
		5233B5BB2C22C2E100D5B42F /* RxTodoCell.swift in Sources */ = {isa = PBXBuildFile; fileRef = 5233B5BA2C22C2E100D5B42F /* RxTodoCell.swift */; };
		5233B5BF2C24226000D5B42F /* Optional+Ext.swift in Sources */ = {isa = PBXBuildFile; fileRef = 5233B5BE2C24226000D5B42F /* Optional+Ext.swift */; };
		5233B5C12C2573F500D5B42F /* UIScrollview+Reactive.swift in Sources */ = {isa = PBXBuildFile; fileRef = 5233B5C02C2573F500D5B42F /* UIScrollview+Reactive.swift */; };
		525B80732C074D790083C79D /* API_PracticeApp.swift in Sources */ = {isa = PBXBuildFile; fileRef = 525B80722C074D790083C79D /* API_PracticeApp.swift */; };
		525B80752C074D790083C79D /* ContentView.swift in Sources */ = {isa = PBXBuildFile; fileRef = 525B80742C074D790083C79D /* ContentView.swift */; };
		525B80772C074D7A0083C79D /* Assets.xcassets in Resources */ = {isa = PBXBuildFile; fileRef = 525B80762C074D7A0083C79D /* Assets.xcassets */; };
		525B807A2C074D7A0083C79D /* Preview Assets.xcassets in Resources */ = {isa = PBXBuildFile; fileRef = 525B80792C074D7A0083C79D /* Preview Assets.xcassets */; };
		525B80822C074FA50083C79D /* MainVC.storyboard in Resources */ = {isa = PBXBuildFile; fileRef = 525B80812C074FA50083C79D /* MainVC.storyboard */; };
		525B80842C074FAE0083C79D /* MainVC.swift in Sources */ = {isa = PBXBuildFile; fileRef = 525B80832C074FAE0083C79D /* MainVC.swift */; };
		525B80862C0848C30083C79D /* TodoCell.xib in Resources */ = {isa = PBXBuildFile; fileRef = 525B80852C0848C30083C79D /* TodoCell.xib */; };
		525B80882C084C020083C79D /* TodoCell.swift in Sources */ = {isa = PBXBuildFile; fileRef = 525B80872C084C020083C79D /* TodoCell.swift */; };
		525B808B2C084DF90083C79D /* StoryBoarded.swift in Sources */ = {isa = PBXBuildFile; fileRef = 525B808A2C084DF90083C79D /* StoryBoarded.swift */; };
		525B808D2C084E590083C79D /* Nibbed.swift in Sources */ = {isa = PBXBuildFile; fileRef = 525B808C2C084E590083C79D /* Nibbed.swift */; };
		525B808F2C084F210083C79D /* Identifier.swift in Sources */ = {isa = PBXBuildFile; fileRef = 525B808E2C084F210083C79D /* Identifier.swift */; };
		525B80912C0859850083C79D /* TodosView.swift in Sources */ = {isa = PBXBuildFile; fileRef = 525B80902C0859850083C79D /* TodosView.swift */; };
		525B80942C085ECF0083C79D /* Button+Style.swift in Sources */ = {isa = PBXBuildFile; fileRef = 525B80932C085ECF0083C79D /* Button+Style.swift */; };
		525B80972C0862500083C79D /* UISearchBarWrapper.swift in Sources */ = {isa = PBXBuildFile; fileRef = 525B80962C0862500083C79D /* UISearchBarWrapper.swift */; };
		525B80992C08CF4B0083C79D /* TodoRow.swift in Sources */ = {isa = PBXBuildFile; fileRef = 525B80982C08CF4B0083C79D /* TodoRow.swift */; };
		525B809D2C08DEAD0083C79D /* TodoResponse.swift in Sources */ = {isa = PBXBuildFile; fileRef = 525B809C2C08DEAD0083C79D /* TodoResponse.swift */; };
		525B809F2C08DF940083C79D /* TodosAPI.swift in Sources */ = {isa = PBXBuildFile; fileRef = 525B809E2C08DF940083C79D /* TodosAPI.swift */; };
		525B80A52C0EFDA50083C79D /* ErrorResponse.swift in Sources */ = {isa = PBXBuildFile; fileRef = 525B80A42C0EFDA50083C79D /* ErrorResponse.swift */; };
		525B80A82C0EFE1A0083C79D /* TodosAPI+Closure.swift in Sources */ = {isa = PBXBuildFile; fileRef = 525B80A72C0EFE1A0083C79D /* TodosAPI+Closure.swift */; };
		525B80AB2C0EFE330083C79D /* MultipartForm in Frameworks */ = {isa = PBXBuildFile; productRef = 525B80AA2C0EFE330083C79D /* MultipartForm */; };
		525B80AE2C0EFFCD0083C79D /* Url+Ext.swift in Sources */ = {isa = PBXBuildFile; fileRef = 525B80AD2C0EFFCD0083C79D /* Url+Ext.swift */; };
		525B80B22C0F04510083C79D /* TodosVM_Closure.swift in Sources */ = {isa = PBXBuildFile; fileRef = 525B80B12C0F04510083C79D /* TodosVM_Closure.swift */; };
		525B80B52C0F047E0083C79D /* RxCocoa in Frameworks */ = {isa = PBXBuildFile; productRef = 525B80B42C0F047E0083C79D /* RxCocoa */; };
		525B80B72C0F047E0083C79D /* RxRelay in Frameworks */ = {isa = PBXBuildFile; productRef = 525B80B62C0F047E0083C79D /* RxRelay */; };
		525B80B92C0F047E0083C79D /* RxSwift in Frameworks */ = {isa = PBXBuildFile; productRef = 525B80B82C0F047E0083C79D /* RxSwift */; };
		525B80BB2C0F4C850083C79D /* UrlRequest+Ext.swift in Sources */ = {isa = PBXBuildFile; fileRef = 525B80BA2C0F4C840083C79D /* UrlRequest+Ext.swift */; };
		525B80BD2C103C8C0083C79D /* TodosAPI+Rx.swift in Sources */ = {isa = PBXBuildFile; fileRef = 525B80BC2C103C8C0083C79D /* TodosAPI+Rx.swift */; };
		525B80BF2C103EA80083C79D /* TodosVM_Rx.swift in Sources */ = {isa = PBXBuildFile; fileRef = 525B80BE2C103EA80083C79D /* TodosVM_Rx.swift */; };
		525B80C12C11DC740083C79D /* TodosAPI+Combine.swift in Sources */ = {isa = PBXBuildFile; fileRef = 525B80C02C11DC740083C79D /* TodosAPI+Combine.swift */; };
		525B80C32C11DE860083C79D /* TodosVM_Combine.swift in Sources */ = {isa = PBXBuildFile; fileRef = 525B80C22C11DE860083C79D /* TodosVM_Combine.swift */; };
		527B67A02C29AD2A007420CB /* ViewModelType.swift in Sources */ = {isa = PBXBuildFile; fileRef = 527B679F2C29AD2A007420CB /* ViewModelType.swift */; };
		528B96482C19D06800DF249D /* AnyPublisher+Ext.swift in Sources */ = {isa = PBXBuildFile; fileRef = 528B96472C19D06800DF249D /* AnyPublisher+Ext.swift */; };
		528B964A2C1A98A100DF249D /* ObservableType+Ext.swift in Sources */ = {isa = PBXBuildFile; fileRef = 528B96492C1A98A100DF249D /* ObservableType+Ext.swift */; };
		529C82462C210DA700B076A6 /* ViewController+Ext.swift in Sources */ = {isa = PBXBuildFile; fileRef = 529C82452C210DA700B076A6 /* ViewController+Ext.swift */; };
		52FDF0B22C1AB81D00A7C3E1 /* RxCombine in Frameworks */ = {isa = PBXBuildFile; productRef = 52FDF0B12C1AB81D00A7C3E1 /* RxCombine */; };
		52FDF0B42C1ADB4C00A7C3E1 /* Publisher+Ext.swift in Sources */ = {isa = PBXBuildFile; fileRef = 52FDF0B32C1ADB4C00A7C3E1 /* Publisher+Ext.swift */; };
		52FDF0B62C1C95B600A7C3E1 /* Task+Ext.swift in Sources */ = {isa = PBXBuildFile; fileRef = 52FDF0B52C1C95B600A7C3E1 /* Task+Ext.swift */; };
/* End PBXBuildFile section */

/* Begin PBXFileReference section */
		5201FD372C16682F00E32902 /* TodosAPI+Async.swift */ = {isa = PBXFileReference; lastKnownFileType = sourcecode.swift; path = "TodosAPI+Async.swift"; sourceTree = "<group>"; };
		5201FD392C166A1A00E32902 /* TodosVM_Async.swift */ = {isa = PBXFileReference; lastKnownFileType = sourcecode.swift; path = TodosVM_Async.swift; sourceTree = "<group>"; };
		5233B5B42C22C2C000D5B42F /* RxMainVC.storyboard */ = {isa = PBXFileReference; lastKnownFileType = file.storyboard; path = RxMainVC.storyboard; sourceTree = "<group>"; };
		5233B5B62C22C2D100D5B42F /* RxTodoCell.xib */ = {isa = PBXFileReference; lastKnownFileType = file.xib; path = RxTodoCell.xib; sourceTree = "<group>"; };
		5233B5B82C22C2DA00D5B42F /* RxMainVC.swift */ = {isa = PBXFileReference; lastKnownFileType = sourcecode.swift; path = RxMainVC.swift; sourceTree = "<group>"; };
		5233B5BA2C22C2E100D5B42F /* RxTodoCell.swift */ = {isa = PBXFileReference; lastKnownFileType = sourcecode.swift; path = RxTodoCell.swift; sourceTree = "<group>"; };
		5233B5BE2C24226000D5B42F /* Optional+Ext.swift */ = {isa = PBXFileReference; lastKnownFileType = sourcecode.swift; path = "Optional+Ext.swift"; sourceTree = "<group>"; };
		5233B5C02C2573F500D5B42F /* UIScrollview+Reactive.swift */ = {isa = PBXFileReference; lastKnownFileType = sourcecode.swift; path = "UIScrollview+Reactive.swift"; sourceTree = "<group>"; };
		525B806F2C074D790083C79D /* API_Practice.app */ = {isa = PBXFileReference; explicitFileType = wrapper.application; includeInIndex = 0; path = API_Practice.app; sourceTree = BUILT_PRODUCTS_DIR; };
		525B80722C074D790083C79D /* API_PracticeApp.swift */ = {isa = PBXFileReference; lastKnownFileType = sourcecode.swift; path = API_PracticeApp.swift; sourceTree = "<group>"; };
		525B80742C074D790083C79D /* ContentView.swift */ = {isa = PBXFileReference; lastKnownFileType = sourcecode.swift; path = ContentView.swift; sourceTree = "<group>"; };
		525B80762C074D7A0083C79D /* Assets.xcassets */ = {isa = PBXFileReference; lastKnownFileType = folder.assetcatalog; path = Assets.xcassets; sourceTree = "<group>"; };
		525B80792C074D7A0083C79D /* Preview Assets.xcassets */ = {isa = PBXFileReference; lastKnownFileType = folder.assetcatalog; path = "Preview Assets.xcassets"; sourceTree = "<group>"; };
		525B80812C074FA50083C79D /* MainVC.storyboard */ = {isa = PBXFileReference; lastKnownFileType = file.storyboard; path = MainVC.storyboard; sourceTree = "<group>"; };
		525B80832C074FAE0083C79D /* MainVC.swift */ = {isa = PBXFileReference; lastKnownFileType = sourcecode.swift; path = MainVC.swift; sourceTree = "<group>"; };
		525B80852C0848C30083C79D /* TodoCell.xib */ = {isa = PBXFileReference; lastKnownFileType = file.xib; path = TodoCell.xib; sourceTree = "<group>"; };
		525B80872C084C020083C79D /* TodoCell.swift */ = {isa = PBXFileReference; lastKnownFileType = sourcecode.swift; path = TodoCell.swift; sourceTree = "<group>"; };
		525B808A2C084DF90083C79D /* StoryBoarded.swift */ = {isa = PBXFileReference; lastKnownFileType = sourcecode.swift; path = StoryBoarded.swift; sourceTree = "<group>"; };
		525B808C2C084E590083C79D /* Nibbed.swift */ = {isa = PBXFileReference; lastKnownFileType = sourcecode.swift; path = Nibbed.swift; sourceTree = "<group>"; };
		525B808E2C084F210083C79D /* Identifier.swift */ = {isa = PBXFileReference; lastKnownFileType = sourcecode.swift; path = Identifier.swift; sourceTree = "<group>"; };
		525B80902C0859850083C79D /* TodosView.swift */ = {isa = PBXFileReference; lastKnownFileType = sourcecode.swift; path = TodosView.swift; sourceTree = "<group>"; };
		525B80932C085ECF0083C79D /* Button+Style.swift */ = {isa = PBXFileReference; lastKnownFileType = sourcecode.swift; path = "Button+Style.swift"; sourceTree = "<group>"; };
		525B80962C0862500083C79D /* UISearchBarWrapper.swift */ = {isa = PBXFileReference; lastKnownFileType = sourcecode.swift; path = UISearchBarWrapper.swift; sourceTree = "<group>"; };
		525B80982C08CF4B0083C79D /* TodoRow.swift */ = {isa = PBXFileReference; lastKnownFileType = sourcecode.swift; path = TodoRow.swift; sourceTree = "<group>"; };
		525B809C2C08DEAD0083C79D /* TodoResponse.swift */ = {isa = PBXFileReference; lastKnownFileType = sourcecode.swift; path = TodoResponse.swift; sourceTree = "<group>"; };
		525B809E2C08DF940083C79D /* TodosAPI.swift */ = {isa = PBXFileReference; lastKnownFileType = sourcecode.swift; path = TodosAPI.swift; sourceTree = "<group>"; };
		525B80A42C0EFDA50083C79D /* ErrorResponse.swift */ = {isa = PBXFileReference; lastKnownFileType = sourcecode.swift; path = ErrorResponse.swift; sourceTree = "<group>"; };
		525B80A72C0EFE1A0083C79D /* TodosAPI+Closure.swift */ = {isa = PBXFileReference; lastKnownFileType = sourcecode.swift; path = "TodosAPI+Closure.swift"; sourceTree = "<group>"; };
		525B80AD2C0EFFCD0083C79D /* Url+Ext.swift */ = {isa = PBXFileReference; lastKnownFileType = sourcecode.swift; path = "Url+Ext.swift"; sourceTree = "<group>"; };
		525B80B12C0F04510083C79D /* TodosVM_Closure.swift */ = {isa = PBXFileReference; lastKnownFileType = sourcecode.swift; path = TodosVM_Closure.swift; sourceTree = "<group>"; };
		525B80BA2C0F4C840083C79D /* UrlRequest+Ext.swift */ = {isa = PBXFileReference; lastKnownFileType = sourcecode.swift; path = "UrlRequest+Ext.swift"; sourceTree = "<group>"; };
		525B80BC2C103C8C0083C79D /* TodosAPI+Rx.swift */ = {isa = PBXFileReference; lastKnownFileType = sourcecode.swift; path = "TodosAPI+Rx.swift"; sourceTree = "<group>"; };
		525B80BE2C103EA80083C79D /* TodosVM_Rx.swift */ = {isa = PBXFileReference; lastKnownFileType = sourcecode.swift; path = TodosVM_Rx.swift; sourceTree = "<group>"; };
		525B80C02C11DC740083C79D /* TodosAPI+Combine.swift */ = {isa = PBXFileReference; lastKnownFileType = sourcecode.swift; path = "TodosAPI+Combine.swift"; sourceTree = "<group>"; };
		525B80C22C11DE860083C79D /* TodosVM_Combine.swift */ = {isa = PBXFileReference; lastKnownFileType = sourcecode.swift; path = TodosVM_Combine.swift; sourceTree = "<group>"; };
		527B679F2C29AD2A007420CB /* ViewModelType.swift */ = {isa = PBXFileReference; lastKnownFileType = sourcecode.swift; path = ViewModelType.swift; sourceTree = "<group>"; };
		528B96472C19D06800DF249D /* AnyPublisher+Ext.swift */ = {isa = PBXFileReference; lastKnownFileType = sourcecode.swift; path = "AnyPublisher+Ext.swift"; sourceTree = "<group>"; };
		528B96492C1A98A100DF249D /* ObservableType+Ext.swift */ = {isa = PBXFileReference; lastKnownFileType = sourcecode.swift; path = "ObservableType+Ext.swift"; sourceTree = "<group>"; };
		529C82452C210DA700B076A6 /* ViewController+Ext.swift */ = {isa = PBXFileReference; lastKnownFileType = sourcecode.swift; path = "ViewController+Ext.swift"; sourceTree = "<group>"; };
		52FDF0B32C1ADB4C00A7C3E1 /* Publisher+Ext.swift */ = {isa = PBXFileReference; lastKnownFileType = sourcecode.swift; path = "Publisher+Ext.swift"; sourceTree = "<group>"; };
		52FDF0B52C1C95B600A7C3E1 /* Task+Ext.swift */ = {isa = PBXFileReference; lastKnownFileType = sourcecode.swift; path = "Task+Ext.swift"; sourceTree = "<group>"; };
/* End PBXFileReference section */

/* Begin PBXFrameworksBuildPhase section */
		525B806C2C074D790083C79D /* Frameworks */ = {
			isa = PBXFrameworksBuildPhase;
			buildActionMask = 2147483647;
			files = (
				525B80B72C0F047E0083C79D /* RxRelay in Frameworks */,
				525B80B52C0F047E0083C79D /* RxCocoa in Frameworks */,
				525B80B92C0F047E0083C79D /* RxSwift in Frameworks */,
				5201FD362C1470BA00E32902 /* CombineExt in Frameworks */,
				52FDF0B22C1AB81D00A7C3E1 /* RxCombine in Frameworks */,
				525B80AB2C0EFE330083C79D /* MultipartForm in Frameworks */,
			);
			runOnlyForDeploymentPostprocessing = 0;
		};
/* End PBXFrameworksBuildPhase section */

/* Begin PBXGroup section */
		5233B5B22C22C28D00D5B42F /* ClosureTask */ = {
			isa = PBXGroup;
			children = (
				525B80812C074FA50083C79D /* MainVC.storyboard */,
				525B80832C074FAE0083C79D /* MainVC.swift */,
				525B80852C0848C30083C79D /* TodoCell.xib */,
				525B80872C084C020083C79D /* TodoCell.swift */,
			);
			path = ClosureTask;
			sourceTree = "<group>";
		};
		5233B5B32C22C29B00D5B42F /* RxTask */ = {
			isa = PBXGroup;
			children = (
				5233B5B42C22C2C000D5B42F /* RxMainVC.storyboard */,
				5233B5B82C22C2DA00D5B42F /* RxMainVC.swift */,
				5233B5B62C22C2D100D5B42F /* RxTodoCell.xib */,
				5233B5BA2C22C2E100D5B42F /* RxTodoCell.swift */,
			);
			path = RxTask;
			sourceTree = "<group>";
		};
		525B80662C074D790083C79D = {
			isa = PBXGroup;
			children = (
				525B80712C074D790083C79D /* API_Practice */,
				525B80702C074D790083C79D /* Products */,
			);
			sourceTree = "<group>";
		};
		525B80702C074D790083C79D /* Products */ = {
			isa = PBXGroup;
			children = (
				525B806F2C074D790083C79D /* API_Practice.app */,
			);
			name = Products;
			sourceTree = "<group>";
		};
		525B80712C074D790083C79D /* API_Practice */ = {
			isa = PBXGroup;
			children = (
				525B80AC2C0EFFBC0083C79D /* Ext */,
				525B80A62C0EFDC30083C79D /* API */,
				525B80AF2C0F04250083C79D /* ViewModel */,
				525B80A32C0EFD9C0083C79D /* Data */,
				525B80952C08623D0083C79D /* SwiftUI */,
				525B80802C074F8A0083C79D /* UIKit */,
				525B80782C074D7A0083C79D /* Preview Content */,
				525B80762C074D7A0083C79D /* Assets.xcassets */,
			);
			path = API_Practice;
			sourceTree = "<group>";
		};
		525B80782C074D7A0083C79D /* Preview Content */ = {
			isa = PBXGroup;
			children = (
				525B80792C074D7A0083C79D /* Preview Assets.xcassets */,
			);
			path = "Preview Content";
			sourceTree = "<group>";
		};
		525B80802C074F8A0083C79D /* UIKit */ = {
			isa = PBXGroup;
			children = (
				5233B5B32C22C29B00D5B42F /* RxTask */,
				5233B5B22C22C28D00D5B42F /* ClosureTask */,
				525B80892C084DEA0083C79D /* Ext */,
			);
			path = UIKit;
			sourceTree = "<group>";
		};
		525B80892C084DEA0083C79D /* Ext */ = {
			isa = PBXGroup;
			children = (
				525B808A2C084DF90083C79D /* StoryBoarded.swift */,
				525B808C2C084E590083C79D /* Nibbed.swift */,
				525B808E2C084F210083C79D /* Identifier.swift */,
			);
			path = Ext;
			sourceTree = "<group>";
		};
		525B80922C085EC50083C79D /* Styles */ = {
			isa = PBXGroup;
			children = (
				525B80932C085ECF0083C79D /* Button+Style.swift */,
			);
			path = Styles;
			sourceTree = "<group>";
		};
		525B80952C08623D0083C79D /* SwiftUI */ = {
			isa = PBXGroup;
			children = (
				525B80922C085EC50083C79D /* Styles */,
				525B80962C0862500083C79D /* UISearchBarWrapper.swift */,
				525B80722C074D790083C79D /* API_PracticeApp.swift */,
				525B80742C074D790083C79D /* ContentView.swift */,
				525B80902C0859850083C79D /* TodosView.swift */,
				525B80982C08CF4B0083C79D /* TodoRow.swift */,
			);
			path = SwiftUI;
			sourceTree = "<group>";
		};
		525B80A32C0EFD9C0083C79D /* Data */ = {
			isa = PBXGroup;
			children = (
				525B809C2C08DEAD0083C79D /* TodoResponse.swift */,
				525B80A42C0EFDA50083C79D /* ErrorResponse.swift */,
			);
			path = Data;
			sourceTree = "<group>";
		};
		525B80A62C0EFDC30083C79D /* API */ = {
			isa = PBXGroup;
			children = (
				525B809E2C08DF940083C79D /* TodosAPI.swift */,
				525B80A72C0EFE1A0083C79D /* TodosAPI+Closure.swift */,
				525B80BC2C103C8C0083C79D /* TodosAPI+Rx.swift */,
				525B80C02C11DC740083C79D /* TodosAPI+Combine.swift */,
				5201FD372C16682F00E32902 /* TodosAPI+Async.swift */,
			);
			path = API;
			sourceTree = "<group>";
		};
		525B80AC2C0EFFBC0083C79D /* Ext */ = {
			isa = PBXGroup;
			children = (
				525B80AD2C0EFFCD0083C79D /* Url+Ext.swift */,
				525B80BA2C0F4C840083C79D /* UrlRequest+Ext.swift */,
				528B96472C19D06800DF249D /* AnyPublisher+Ext.swift */,
				52FDF0B32C1ADB4C00A7C3E1 /* Publisher+Ext.swift */,
				528B96492C1A98A100DF249D /* ObservableType+Ext.swift */,
				52FDF0B52C1C95B600A7C3E1 /* Task+Ext.swift */,
				529C82452C210DA700B076A6 /* ViewController+Ext.swift */,
				5233B5BE2C24226000D5B42F /* Optional+Ext.swift */,
				5233B5C02C2573F500D5B42F /* UIScrollview+Reactive.swift */,
			);
			path = Ext;
			sourceTree = "<group>";
		};
		525B80AF2C0F04250083C79D /* ViewModel */ = {
			isa = PBXGroup;
			children = (
				525B80B12C0F04510083C79D /* TodosVM_Closure.swift */,
				525B80BE2C103EA80083C79D /* TodosVM_Rx.swift */,
				525B80C22C11DE860083C79D /* TodosVM_Combine.swift */,
				5201FD392C166A1A00E32902 /* TodosVM_Async.swift */,
				527B679F2C29AD2A007420CB /* ViewModelType.swift */,
			);
			path = ViewModel;
			sourceTree = "<group>";
		};
/* End PBXGroup section */

/* Begin PBXNativeTarget section */
		525B806E2C074D790083C79D /* API_Practice */ = {
			isa = PBXNativeTarget;
			buildConfigurationList = 525B807D2C074D7A0083C79D /* Build configuration list for PBXNativeTarget "API_Practice" */;
			buildPhases = (
				525B806B2C074D790083C79D /* Sources */,
				525B806C2C074D790083C79D /* Frameworks */,
				525B806D2C074D790083C79D /* Resources */,
			);
			buildRules = (
			);
			dependencies = (
			);
			name = API_Practice;
			packageProductDependencies = (
				525B80AA2C0EFE330083C79D /* MultipartForm */,
				525B80B42C0F047E0083C79D /* RxCocoa */,
				525B80B62C0F047E0083C79D /* RxRelay */,
				525B80B82C0F047E0083C79D /* RxSwift */,
				5201FD352C1470BA00E32902 /* CombineExt */,
				52FDF0B12C1AB81D00A7C3E1 /* RxCombine */,
			);
			productName = API_Practice;
			productReference = 525B806F2C074D790083C79D /* API_Practice.app */;
			productType = "com.apple.product-type.application";
		};
/* End PBXNativeTarget section */

/* Begin PBXProject section */
		525B80672C074D790083C79D /* Project object */ = {
			isa = PBXProject;
			attributes = {
				BuildIndependentTargetsInParallel = 1;
				LastSwiftUpdateCheck = 1530;
				LastUpgradeCheck = 1530;
				TargetAttributes = {
					525B806E2C074D790083C79D = {
						CreatedOnToolsVersion = 15.3;
					};
				};
			};
			buildConfigurationList = 525B806A2C074D790083C79D /* Build configuration list for PBXProject "API_Practice" */;
			compatibilityVersion = "Xcode 14.0";
			developmentRegion = en;
			hasScannedForEncodings = 0;
			knownRegions = (
				en,
				Base,
			);
			mainGroup = 525B80662C074D790083C79D;
			packageReferences = (
				525B80A92C0EFE330083C79D /* XCRemoteSwiftPackageReference "MultipartForm" */,
				525B80B32C0F047E0083C79D /* XCRemoteSwiftPackageReference "RxSwift" */,
				5201FD342C1470BA00E32902 /* XCRemoteSwiftPackageReference "CombineExt" */,
				52FDF0B02C1AB81D00A7C3E1 /* XCRemoteSwiftPackageReference "RxCombine" */,
			);
			productRefGroup = 525B80702C074D790083C79D /* Products */;
			projectDirPath = "";
			projectRoot = "";
			targets = (
				525B806E2C074D790083C79D /* API_Practice */,
			);
		};
/* End PBXProject section */

/* Begin PBXResourcesBuildPhase section */
		525B806D2C074D790083C79D /* Resources */ = {
			isa = PBXResourcesBuildPhase;
			buildActionMask = 2147483647;
			files = (
				5233B5B52C22C2C000D5B42F /* RxMainVC.storyboard in Resources */,
				5233B5B72C22C2D100D5B42F /* RxTodoCell.xib in Resources */,
				525B80822C074FA50083C79D /* MainVC.storyboard in Resources */,
				525B807A2C074D7A0083C79D /* Preview Assets.xcassets in Resources */,
				525B80772C074D7A0083C79D /* Assets.xcassets in Resources */,
				525B80862C0848C30083C79D /* TodoCell.xib in Resources */,
			);
			runOnlyForDeploymentPostprocessing = 0;
		};
/* End PBXResourcesBuildPhase section */

/* Begin PBXSourcesBuildPhase section */
		525B806B2C074D790083C79D /* Sources */ = {
			isa = PBXSourcesBuildPhase;
			buildActionMask = 2147483647;
			files = (
				5201FD382C16682F00E32902 /* TodosAPI+Async.swift in Sources */,
				525B808B2C084DF90083C79D /* StoryBoarded.swift in Sources */,
				525B80972C0862500083C79D /* UISearchBarWrapper.swift in Sources */,
				525B80752C074D790083C79D /* ContentView.swift in Sources */,
				52FDF0B62C1C95B600A7C3E1 /* Task+Ext.swift in Sources */,
				525B809F2C08DF940083C79D /* TodosAPI.swift in Sources */,
				5233B5BB2C22C2E100D5B42F /* RxTodoCell.swift in Sources */,
				525B80842C074FAE0083C79D /* MainVC.swift in Sources */,
				525B808F2C084F210083C79D /* Identifier.swift in Sources */,
				5201FD3A2C166A1A00E32902 /* TodosVM_Async.swift in Sources */,
				527B67A02C29AD2A007420CB /* ViewModelType.swift in Sources */,
				525B80A82C0EFE1A0083C79D /* TodosAPI+Closure.swift in Sources */,
				525B80AE2C0EFFCD0083C79D /* Url+Ext.swift in Sources */,
				525B808D2C084E590083C79D /* Nibbed.swift in Sources */,
				525B80C12C11DC740083C79D /* TodosAPI+Combine.swift in Sources */,
				525B80B22C0F04510083C79D /* TodosVM_Closure.swift in Sources */,
				5233B5BF2C24226000D5B42F /* Optional+Ext.swift in Sources */,
				525B80BD2C103C8C0083C79D /* TodosAPI+Rx.swift in Sources */,
				525B809D2C08DEAD0083C79D /* TodoResponse.swift in Sources */,
				52FDF0B42C1ADB4C00A7C3E1 /* Publisher+Ext.swift in Sources */,
				525B80BF2C103EA80083C79D /* TodosVM_Rx.swift in Sources */,
				529C82462C210DA700B076A6 /* ViewController+Ext.swift in Sources */,
				5233B5B92C22C2DA00D5B42F /* RxMainVC.swift in Sources */,
				525B80C32C11DE860083C79D /* TodosVM_Combine.swift in Sources */,
				525B80BB2C0F4C850083C79D /* UrlRequest+Ext.swift in Sources */,
				525B80732C074D790083C79D /* API_PracticeApp.swift in Sources */,
				525B80942C085ECF0083C79D /* Button+Style.swift in Sources */,
				528B964A2C1A98A100DF249D /* ObservableType+Ext.swift in Sources */,
				528B96482C19D06800DF249D /* AnyPublisher+Ext.swift in Sources */,
				525B80912C0859850083C79D /* TodosView.swift in Sources */,
				525B80992C08CF4B0083C79D /* TodoRow.swift in Sources */,
				525B80882C084C020083C79D /* TodoCell.swift in Sources */,
				525B80A52C0EFDA50083C79D /* ErrorResponse.swift in Sources */,
				5233B5C12C2573F500D5B42F /* UIScrollview+Reactive.swift in Sources */,
			);
			runOnlyForDeploymentPostprocessing = 0;
		};
/* End PBXSourcesBuildPhase section */

/* Begin XCBuildConfiguration section */
		525B807B2C074D7A0083C79D /* Debug */ = {
			isa = XCBuildConfiguration;
			buildSettings = {
				ALWAYS_SEARCH_USER_PATHS = NO;
				ASSETCATALOG_COMPILER_GENERATE_SWIFT_ASSET_SYMBOL_EXTENSIONS = YES;
				CLANG_ANALYZER_NONNULL = YES;
				CLANG_ANALYZER_NUMBER_OBJECT_CONVERSION = YES_AGGRESSIVE;
				CLANG_CXX_LANGUAGE_STANDARD = "gnu++20";
				CLANG_ENABLE_MODULES = YES;
				CLANG_ENABLE_OBJC_ARC = YES;
				CLANG_ENABLE_OBJC_WEAK = YES;
				CLANG_WARN_BLOCK_CAPTURE_AUTORELEASING = YES;
				CLANG_WARN_BOOL_CONVERSION = YES;
				CLANG_WARN_COMMA = YES;
				CLANG_WARN_CONSTANT_CONVERSION = YES;
				CLANG_WARN_DEPRECATED_OBJC_IMPLEMENTATIONS = YES;
				CLANG_WARN_DIRECT_OBJC_ISA_USAGE = YES_ERROR;
				CLANG_WARN_DOCUMENTATION_COMMENTS = YES;
				CLANG_WARN_EMPTY_BODY = YES;
				CLANG_WARN_ENUM_CONVERSION = YES;
				CLANG_WARN_INFINITE_RECURSION = YES;
				CLANG_WARN_INT_CONVERSION = YES;
				CLANG_WARN_NON_LITERAL_NULL_CONVERSION = YES;
				CLANG_WARN_OBJC_IMPLICIT_RETAIN_SELF = YES;
				CLANG_WARN_OBJC_LITERAL_CONVERSION = YES;
				CLANG_WARN_OBJC_ROOT_CLASS = YES_ERROR;
				CLANG_WARN_QUOTED_INCLUDE_IN_FRAMEWORK_HEADER = YES;
				CLANG_WARN_RANGE_LOOP_ANALYSIS = YES;
				CLANG_WARN_STRICT_PROTOTYPES = YES;
				CLANG_WARN_SUSPICIOUS_MOVE = YES;
				CLANG_WARN_UNGUARDED_AVAILABILITY = YES_AGGRESSIVE;
				CLANG_WARN_UNREACHABLE_CODE = YES;
				CLANG_WARN__DUPLICATE_METHOD_MATCH = YES;
				COPY_PHASE_STRIP = NO;
				DEBUG_INFORMATION_FORMAT = dwarf;
				ENABLE_STRICT_OBJC_MSGSEND = YES;
				ENABLE_TESTABILITY = YES;
				ENABLE_USER_SCRIPT_SANDBOXING = YES;
				GCC_C_LANGUAGE_STANDARD = gnu17;
				GCC_DYNAMIC_NO_PIC = NO;
				GCC_NO_COMMON_BLOCKS = YES;
				GCC_OPTIMIZATION_LEVEL = 0;
				GCC_PREPROCESSOR_DEFINITIONS = (
					"DEBUG=1",
					"$(inherited)",
				);
				GCC_WARN_64_TO_32_BIT_CONVERSION = YES;
				GCC_WARN_ABOUT_RETURN_TYPE = YES_ERROR;
				GCC_WARN_UNDECLARED_SELECTOR = YES;
				GCC_WARN_UNINITIALIZED_AUTOS = YES_AGGRESSIVE;
				GCC_WARN_UNUSED_FUNCTION = YES;
				GCC_WARN_UNUSED_VARIABLE = YES;
				IPHONEOS_DEPLOYMENT_TARGET = 14.0;
				LOCALIZATION_PREFERS_STRING_CATALOGS = YES;
				MTL_ENABLE_DEBUG_INFO = INCLUDE_SOURCE;
				MTL_FAST_MATH = YES;
				ONLY_ACTIVE_ARCH = YES;
				SDKROOT = iphoneos;
				SWIFT_ACTIVE_COMPILATION_CONDITIONS = "DEBUG $(inherited)";
				SWIFT_OPTIMIZATION_LEVEL = "-Onone";
			};
			name = Debug;
		};
		525B807C2C074D7A0083C79D /* Release */ = {
			isa = XCBuildConfiguration;
			buildSettings = {
				ALWAYS_SEARCH_USER_PATHS = NO;
				ASSETCATALOG_COMPILER_GENERATE_SWIFT_ASSET_SYMBOL_EXTENSIONS = YES;
				CLANG_ANALYZER_NONNULL = YES;
				CLANG_ANALYZER_NUMBER_OBJECT_CONVERSION = YES_AGGRESSIVE;
				CLANG_CXX_LANGUAGE_STANDARD = "gnu++20";
				CLANG_ENABLE_MODULES = YES;
				CLANG_ENABLE_OBJC_ARC = YES;
				CLANG_ENABLE_OBJC_WEAK = YES;
				CLANG_WARN_BLOCK_CAPTURE_AUTORELEASING = YES;
				CLANG_WARN_BOOL_CONVERSION = YES;
				CLANG_WARN_COMMA = YES;
				CLANG_WARN_CONSTANT_CONVERSION = YES;
				CLANG_WARN_DEPRECATED_OBJC_IMPLEMENTATIONS = YES;
				CLANG_WARN_DIRECT_OBJC_ISA_USAGE = YES_ERROR;
				CLANG_WARN_DOCUMENTATION_COMMENTS = YES;
				CLANG_WARN_EMPTY_BODY = YES;
				CLANG_WARN_ENUM_CONVERSION = YES;
				CLANG_WARN_INFINITE_RECURSION = YES;
				CLANG_WARN_INT_CONVERSION = YES;
				CLANG_WARN_NON_LITERAL_NULL_CONVERSION = YES;
				CLANG_WARN_OBJC_IMPLICIT_RETAIN_SELF = YES;
				CLANG_WARN_OBJC_LITERAL_CONVERSION = YES;
				CLANG_WARN_OBJC_ROOT_CLASS = YES_ERROR;
				CLANG_WARN_QUOTED_INCLUDE_IN_FRAMEWORK_HEADER = YES;
				CLANG_WARN_RANGE_LOOP_ANALYSIS = YES;
				CLANG_WARN_STRICT_PROTOTYPES = YES;
				CLANG_WARN_SUSPICIOUS_MOVE = YES;
				CLANG_WARN_UNGUARDED_AVAILABILITY = YES_AGGRESSIVE;
				CLANG_WARN_UNREACHABLE_CODE = YES;
				CLANG_WARN__DUPLICATE_METHOD_MATCH = YES;
				COPY_PHASE_STRIP = NO;
				DEBUG_INFORMATION_FORMAT = "dwarf-with-dsym";
				ENABLE_NS_ASSERTIONS = NO;
				ENABLE_STRICT_OBJC_MSGSEND = YES;
				ENABLE_USER_SCRIPT_SANDBOXING = YES;
				GCC_C_LANGUAGE_STANDARD = gnu17;
				GCC_NO_COMMON_BLOCKS = YES;
				GCC_WARN_64_TO_32_BIT_CONVERSION = YES;
				GCC_WARN_ABOUT_RETURN_TYPE = YES_ERROR;
				GCC_WARN_UNDECLARED_SELECTOR = YES;
				GCC_WARN_UNINITIALIZED_AUTOS = YES_AGGRESSIVE;
				GCC_WARN_UNUSED_FUNCTION = YES;
				GCC_WARN_UNUSED_VARIABLE = YES;
				IPHONEOS_DEPLOYMENT_TARGET = 14.0;
				LOCALIZATION_PREFERS_STRING_CATALOGS = YES;
				MTL_ENABLE_DEBUG_INFO = NO;
				MTL_FAST_MATH = YES;
				SDKROOT = iphoneos;
				SWIFT_COMPILATION_MODE = wholemodule;
				VALIDATE_PRODUCT = YES;
			};
			name = Release;
		};
		525B807E2C074D7A0083C79D /* Debug */ = {
			isa = XCBuildConfiguration;
			buildSettings = {
				ASSETCATALOG_COMPILER_APPICON_NAME = AppIcon;
				ASSETCATALOG_COMPILER_GLOBAL_ACCENT_COLOR_NAME = AccentColor;
				CODE_SIGN_STYLE = Automatic;
				CURRENT_PROJECT_VERSION = 1;
				DEVELOPMENT_ASSET_PATHS = "\"API_Practice/Preview Content\"";
				DEVELOPMENT_TEAM = LNXWGGBBH6;
				ENABLE_PREVIEWS = YES;
				GENERATE_INFOPLIST_FILE = YES;
				INFOPLIST_KEY_UIApplicationSceneManifest_Generation = YES;
				INFOPLIST_KEY_UIApplicationSupportsIndirectInputEvents = YES;
				INFOPLIST_KEY_UILaunchScreen_Generation = YES;
				INFOPLIST_KEY_UISupportedInterfaceOrientations_iPad = "UIInterfaceOrientationPortrait UIInterfaceOrientationPortraitUpsideDown UIInterfaceOrientationLandscapeLeft UIInterfaceOrientationLandscapeRight";
				INFOPLIST_KEY_UISupportedInterfaceOrientations_iPhone = "UIInterfaceOrientationPortrait UIInterfaceOrientationLandscapeLeft UIInterfaceOrientationLandscapeRight";
				IPHONEOS_DEPLOYMENT_TARGET = 14.0;
				LD_RUNPATH_SEARCH_PATHS = (
					"$(inherited)",
					"@executable_path/Frameworks",
				);
				MARKETING_VERSION = 1.0;
				PRODUCT_BUNDLE_IDENTIFIER = "com.Catslave.API-Practice";
				PRODUCT_NAME = "$(TARGET_NAME)";
				SWIFT_EMIT_LOC_STRINGS = YES;
				SWIFT_VERSION = 5.0;
				TARGETED_DEVICE_FAMILY = "1,2";
			};
			name = Debug;
		};
		525B807F2C074D7A0083C79D /* Release */ = {
			isa = XCBuildConfiguration;
			buildSettings = {
				ASSETCATALOG_COMPILER_APPICON_NAME = AppIcon;
				ASSETCATALOG_COMPILER_GLOBAL_ACCENT_COLOR_NAME = AccentColor;
				CODE_SIGN_STYLE = Automatic;
				CURRENT_PROJECT_VERSION = 1;
				DEVELOPMENT_ASSET_PATHS = "\"API_Practice/Preview Content\"";
				DEVELOPMENT_TEAM = LNXWGGBBH6;
				ENABLE_PREVIEWS = YES;
				GENERATE_INFOPLIST_FILE = YES;
				INFOPLIST_KEY_UIApplicationSceneManifest_Generation = YES;
				INFOPLIST_KEY_UIApplicationSupportsIndirectInputEvents = YES;
				INFOPLIST_KEY_UILaunchScreen_Generation = YES;
				INFOPLIST_KEY_UISupportedInterfaceOrientations_iPad = "UIInterfaceOrientationPortrait UIInterfaceOrientationPortraitUpsideDown UIInterfaceOrientationLandscapeLeft UIInterfaceOrientationLandscapeRight";
				INFOPLIST_KEY_UISupportedInterfaceOrientations_iPhone = "UIInterfaceOrientationPortrait UIInterfaceOrientationLandscapeLeft UIInterfaceOrientationLandscapeRight";
				IPHONEOS_DEPLOYMENT_TARGET = 14.0;
				LD_RUNPATH_SEARCH_PATHS = (
					"$(inherited)",
					"@executable_path/Frameworks",
				);
				MARKETING_VERSION = 1.0;
				PRODUCT_BUNDLE_IDENTIFIER = "com.Catslave.API-Practice";
				PRODUCT_NAME = "$(TARGET_NAME)";
				SWIFT_EMIT_LOC_STRINGS = YES;
				SWIFT_VERSION = 5.0;
				TARGETED_DEVICE_FAMILY = "1,2";
			};
			name = Release;
		};
/* End XCBuildConfiguration section */

/* Begin XCConfigurationList section */
		525B806A2C074D790083C79D /* Build configuration list for PBXProject "API_Practice" */ = {
			isa = XCConfigurationList;
			buildConfigurations = (
				525B807B2C074D7A0083C79D /* Debug */,
				525B807C2C074D7A0083C79D /* Release */,
			);
			defaultConfigurationIsVisible = 0;
			defaultConfigurationName = Release;
		};
		525B807D2C074D7A0083C79D /* Build configuration list for PBXNativeTarget "API_Practice" */ = {
			isa = XCConfigurationList;
			buildConfigurations = (
				525B807E2C074D7A0083C79D /* Debug */,
				525B807F2C074D7A0083C79D /* Release */,
			);
			defaultConfigurationIsVisible = 0;
			defaultConfigurationName = Release;
		};
/* End XCConfigurationList section */

/* Begin XCRemoteSwiftPackageReference section */
		5201FD342C1470BA00E32902 /* XCRemoteSwiftPackageReference "CombineExt" */ = {
			isa = XCRemoteSwiftPackageReference;
			repositoryURL = "https://github.com/CombineCommunity/CombineExt.git";
			requirement = {
				kind = upToNextMajorVersion;
				minimumVersion = 1.8.1;
			};
		};
		525B80A92C0EFE330083C79D /* XCRemoteSwiftPackageReference "MultipartForm" */ = {
			isa = XCRemoteSwiftPackageReference;
			repositoryURL = "https://github.com/davbeck/MultipartForm";
			requirement = {
				kind = upToNextMajorVersion;
				minimumVersion = 0.1.0;
			};
		};
		525B80B32C0F047E0083C79D /* XCRemoteSwiftPackageReference "RxSwift" */ = {
			isa = XCRemoteSwiftPackageReference;
			repositoryURL = "https://github.com/ReactiveX/RxSwift.git";
			requirement = {
				kind = upToNextMajorVersion;
				minimumVersion = 6.7.1;
			};
		};
		52FDF0B02C1AB81D00A7C3E1 /* XCRemoteSwiftPackageReference "RxCombine" */ = {
			isa = XCRemoteSwiftPackageReference;
			repositoryURL = "https://github.com/CombineCommunity/RxCombine.git";
			requirement = {
				kind = upToNextMajorVersion;
				minimumVersion = 2.0.1;
			};
		};
/* End XCRemoteSwiftPackageReference section */

/* Begin XCSwiftPackageProductDependency section */
		5201FD352C1470BA00E32902 /* CombineExt */ = {
			isa = XCSwiftPackageProductDependency;
			package = 5201FD342C1470BA00E32902 /* XCRemoteSwiftPackageReference "CombineExt" */;
			productName = CombineExt;
		};
		525B80AA2C0EFE330083C79D /* MultipartForm */ = {
			isa = XCSwiftPackageProductDependency;
			package = 525B80A92C0EFE330083C79D /* XCRemoteSwiftPackageReference "MultipartForm" */;
			productName = MultipartForm;
		};
		525B80B42C0F047E0083C79D /* RxCocoa */ = {
			isa = XCSwiftPackageProductDependency;
			package = 525B80B32C0F047E0083C79D /* XCRemoteSwiftPackageReference "RxSwift" */;
			productName = RxCocoa;
		};
		525B80B62C0F047E0083C79D /* RxRelay */ = {
			isa = XCSwiftPackageProductDependency;
			package = 525B80B32C0F047E0083C79D /* XCRemoteSwiftPackageReference "RxSwift" */;
			productName = RxRelay;
		};
		525B80B82C0F047E0083C79D /* RxSwift */ = {
			isa = XCSwiftPackageProductDependency;
			package = 525B80B32C0F047E0083C79D /* XCRemoteSwiftPackageReference "RxSwift" */;
			productName = RxSwift;
		};
		52FDF0B12C1AB81D00A7C3E1 /* RxCombine */ = {
			isa = XCSwiftPackageProductDependency;
			package = 52FDF0B02C1AB81D00A7C3E1 /* XCRemoteSwiftPackageReference "RxCombine" */;
			productName = RxCombine;
		};
/* End XCSwiftPackageProductDependency section */
	};
	rootObject = 525B80672C074D790083C79D /* Project object */;
}
